
Microsoft Visual Studio Solution File, Format Version 12.00
# Visual Studio Version 17
VisualStudioVersion = 17.3.32929.385
MinimumVisualStudioVersion = 10.0.40219.1
Project("{9A19103F-16F7-4668-BE54-9A1E7A4F7556}") = "Tweetbook3", "Tweetbook3\Tweetbook3.csproj", "{0BEB8FB7-4207-48B3-BABC-0419CA6626B9}"
EndProject
Project("{FAE04EC0-301F-11D3-BF4B-00C04F79EFBC}") = "Tweetbook3.IntegrationTests", "Tweetbook3.IntegrationTests\Tweetbook3.IntegrationTests.csproj", "{64237ABA-B3AD-4C14-80E4-A86C5D0F81AC}"
EndProject
Global
	GlobalSection(SolutionConfigurationPlatforms) = preSolution
		Debug|Any CPU = Debug|Any CPU
		Release|Any CPU = Release|Any CPU
	EndGlobalSection
	GlobalSection(ProjectConfigurationPlatforms) = postSolution
		{0BEB8FB7-4207-48B3-BABC-0419CA6626B9}.Debug|Any CPU.ActiveCfg = Debug|Any CPU
		{0BEB8FB7-4207-48B3-BABC-0419CA6626B9}.Debug|Any CPU.Build.0 = Debug|Any CPU
		{0BEB8FB7-4207-48B3-BABC-0419CA6626B9}.Release|Any CPU.ActiveCfg = Release|Any CPU
		{0BEB8FB7-4207-48B3-BABC-0419CA6626B9}.Release|Any CPU.Build.0 = Release|Any CPU
		{64237ABA-B3AD-4C14-80E4-A86C5D0F81AC}.Debug|Any CPU.ActiveCfg = Debug|Any CPU
		{64237ABA-B3AD-4C14-80E4-A86C5D0F81AC}.Debug|Any CPU.Build.0 = Debug|Any CPU
		{64237ABA-B3AD-4C14-80E4-A86C5D0F81AC}.Release|Any CPU.ActiveCfg = Release|Any CPU
		{64237ABA-B3AD-4C14-80E4-A86C5D0F81AC}.Release|Any CPU.Build.0 = Release|Any CPU
	EndGlobalSection
	GlobalSection(SolutionProperties) = preSolution
		HideSolutionNode = FALSE
	EndGlobalSection
	GlobalSection(ExtensibilityGlobals) = postSolution
		SolutionGuid = {4A7228B0-A772-446F-AEB3-730D784DB8F4}
	EndGlobalSection
EndGlobal
